
Microsoft Visual Studio Solution File, Format Version 12.00
# Visual Studio Version 17
VisualStudioVersion = 17.3.32811.315
MinimumVisualStudioVersion = 10.0.40219.1
Project("{9A19103F-16F7-4668-BE54-9A1E7A4F7556}") = "Vendor SDK", "Vendor SDK\Vendor SDK.csproj", "{F48DD460-400C-47B9-BB8F-81D441019C31}"
EndProject
Project("{9A19103F-16F7-4668-BE54-9A1E7A4F7556}") = "TinySDK", "..\ork\TinySDK\TinySDK\TinySDK.csproj", "{E109D834-9BA0-4028-859F-BAC8F8CDC639}"
EndProject
Global
	GlobalSection(SolutionConfigurationPlatforms) = preSolution
		Debug|Any CPU = Debug|Any CPU
		Release|Any CPU = Release|Any CPU
	EndGlobalSection
	GlobalSection(ProjectConfigurationPlatforms) = postSolution
		{F48DD460-400C-47B9-BB8F-81D441019C31}.Debug|Any CPU.ActiveCfg = Debug|Any CPU
		{F48DD460-400C-47B9-BB8F-81D441019C31}.Debug|Any CPU.Build.0 = Debug|Any CPU
		{F48DD460-400C-47B9-BB8F-81D441019C31}.Release|Any CPU.ActiveCfg = Release|Any CPU
		{F48DD460-400C-47B9-BB8F-81D441019C31}.Release|Any CPU.Build.0 = Release|Any CPU
		{E109D834-9BA0-4028-859F-BAC8F8CDC639}.Debug|Any CPU.ActiveCfg = Debug|Any CPU
		{E109D834-9BA0-4028-859F-BAC8F8CDC639}.Debug|Any CPU.Build.0 = Debug|Any CPU
		{E109D834-9BA0-4028-859F-BAC8F8CDC639}.Release|Any CPU.ActiveCfg = Release|Any CPU
		{E109D834-9BA0-4028-859F-BAC8F8CDC639}.Release|Any CPU.Build.0 = Release|Any CPU
	EndGlobalSection
	GlobalSection(SolutionProperties) = preSolution
		HideSolutionNode = FALSE
	EndGlobalSection
	GlobalSection(ExtensibilityGlobals) = postSolution
		SolutionGuid = {627E31F2-3159-40A4-9B8C-97AA34CD0690}
	EndGlobalSection
EndGlobal
